// !$*UTF8*$!
{
	archiveVersion = 1;
	classes = {
	};
	objectVersion = 46;
	objects = {

/* Begin PBXBuildFile section */
		98F629835F46F8063401FB94 /* Pods_LPIM.framework in Frameworks */ = {isa = PBXBuildFile; fileRef = 0496BC4BB5FCC451A8F4F130 /* Pods_LPIM.framework */; };
		E8736F9D1EF419E900FE05D5 /* Assets.xcassets in Resources */ = {isa = PBXBuildFile; fileRef = E8736F9C1EF419E900FE05D5 /* Assets.xcassets */; };
		E8736FA01EF419E900FE05D5 /* LaunchScreen.storyboard in Resources */ = {isa = PBXBuildFile; fileRef = E8736F9E1EF419E900FE05D5 /* LaunchScreen.storyboard */; };
		E8736FB31EF4213C00FE05D5 /* LPIMAppDelegate.swift in Sources */ = {isa = PBXBuildFile; fileRef = E8736FB21EF4213C00FE05D5 /* LPIMAppDelegate.swift */; };
		E8736FB51EF424AF00FE05D5 /* LPIMAppDelegate+Push.swift in Sources */ = {isa = PBXBuildFile; fileRef = E8736FB41EF424AF00FE05D5 /* LPIMAppDelegate+Push.swift */; };
		E8736FBD1EF4320500FE05D5 /* LPLoginManager.swift in Sources */ = {isa = PBXBuildFile; fileRef = E8736FBC1EF4320500FE05D5 /* LPLoginManager.swift */; };
		E8736FC01EF4324300FE05D5 /* LPLoginViewController.swift in Sources */ = {isa = PBXBuildFile; fileRef = E8736FBE1EF4324300FE05D5 /* LPLoginViewController.swift */; };
		E8736FC11EF4324300FE05D5 /* LPLoginViewController.xib in Resources */ = {isa = PBXBuildFile; fileRef = E8736FBF1EF4324300FE05D5 /* LPLoginViewController.xib */; };
		E8736FC61EF4329D00FE05D5 /* LPRegisterViewController.swift in Sources */ = {isa = PBXBuildFile; fileRef = E8736FC41EF4329D00FE05D5 /* LPRegisterViewController.swift */; };
		E8736FC71EF4329D00FE05D5 /* LPRegisterViewController.xib in Resources */ = {isa = PBXBuildFile; fileRef = E8736FC51EF4329D00FE05D5 /* LPRegisterViewController.xib */; };
		E8736FCA1EF432C200FE05D5 /* LPBaseViewController.swift in Sources */ = {isa = PBXBuildFile; fileRef = E8736FC91EF432C200FE05D5 /* LPBaseViewController.swift */; };
		E8736FCC1EF432D100FE05D5 /* LPBaseTableViewController.swift in Sources */ = {isa = PBXBuildFile; fileRef = E8736FCB1EF432D100FE05D5 /* LPBaseTableViewController.swift */; };
		E8736FCE1EF432E000FE05D5 /* LPBaseCollectionViewController.swift in Sources */ = {isa = PBXBuildFile; fileRef = E8736FCD1EF432E000FE05D5 /* LPBaseCollectionViewController.swift */; };
		E8736FD01EF432FE00FE05D5 /* LPBaseNavigationController.swift in Sources */ = {isa = PBXBuildFile; fileRef = E8736FCF1EF432FE00FE05D5 /* LPBaseNavigationController.swift */; };
		E8736FD21EF4332D00FE05D5 /* LPBaseView.swift in Sources */ = {isa = PBXBuildFile; fileRef = E8736FD11EF4332D00FE05D5 /* LPBaseView.swift */; };
		E8736FD51EF4349400FE05D5 /* LPMainTabBarController.swift in Sources */ = {isa = PBXBuildFile; fileRef = E8736FD41EF4349400FE05D5 /* LPMainTabBarController.swift */; };
		E8736FD81EF4399E00FE05D5 /* LPIBDesignableView.swift in Sources */ = {isa = PBXBuildFile; fileRef = E8736FD71EF4399E00FE05D5 /* LPIBDesignableView.swift */; };
		E8736FDC1EF4448C00FE05D5 /* icon_meeting_connecting@2x.gif in Resources */ = {isa = PBXBuildFile; fileRef = E8736FDB1EF4448C00FE05D5 /* icon_meeting_connecting@2x.gif */; };
		E8736FE01EF444B300FE05D5 /* NIMKitSettings.bundle in Resources */ = {isa = PBXBuildFile; fileRef = E8736FDD1EF444B300FE05D5 /* NIMKitSettings.bundle */; };
		E8736FE11EF444B300FE05D5 /* NIMKitResource.bundle in Resources */ = {isa = PBXBuildFile; fileRef = E8736FDE1EF444B300FE05D5 /* NIMKitResource.bundle */; };
		E8736FE21EF444B300FE05D5 /* NIMKitEmoticon.bundle in Resources */ = {isa = PBXBuildFile; fileRef = E8736FDF1EF444B300FE05D5 /* NIMKitEmoticon.bundle */; };
		E8736FED1EF444C700FE05D5 /* Settings.bundle in Resources */ = {isa = PBXBuildFile; fileRef = E8736FE31EF444C700FE05D5 /* Settings.bundle */; };
		E8736FEE1EF444C700FE05D5 /* message.wav in Resources */ = {isa = PBXBuildFile; fileRef = E8736FE51EF444C700FE05D5 /* message.wav */; };
		E8736FEF1EF444C700FE05D5 /* video_chat_push.mp3 in Resources */ = {isa = PBXBuildFile; fileRef = E8736FE61EF444C700FE05D5 /* video_chat_push.mp3 */; };
		E8736FF01EF444C700FE05D5 /* video_chat_tip_HangUp.aac in Resources */ = {isa = PBXBuildFile; fileRef = E8736FE71EF444C700FE05D5 /* video_chat_tip_HangUp.aac */; };
		E8736FF11EF444C700FE05D5 /* video_chat_tip_OnCall.aac in Resources */ = {isa = PBXBuildFile; fileRef = E8736FE81EF444C700FE05D5 /* video_chat_tip_OnCall.aac */; };
		E8736FF21EF444C700FE05D5 /* video_chat_tip_onTimer.aac in Resources */ = {isa = PBXBuildFile; fileRef = E8736FE91EF444C700FE05D5 /* video_chat_tip_onTimer.aac */; };
		E8736FF31EF444C700FE05D5 /* video_chat_tip_receiver.aac in Resources */ = {isa = PBXBuildFile; fileRef = E8736FEA1EF444C700FE05D5 /* video_chat_tip_receiver.aac */; };
		E8736FF41EF444C700FE05D5 /* video_chat_tip_sender.aac in Resources */ = {isa = PBXBuildFile; fileRef = E8736FEB1EF444C700FE05D5 /* video_chat_tip_sender.aac */; };
		E8736FF51EF444C700FE05D5 /* video_connect_chat_tip_sender.aac in Resources */ = {isa = PBXBuildFile; fileRef = E8736FEC1EF444C700FE05D5 /* video_connect_chat_tip_sender.aac */; };
		E8736FF71EF444DD00FE05D5 /* Files in Resources */ = {isa = PBXBuildFile; fileRef = E8736FF61EF444DD00FE05D5 /* Files */; };
		E8736FF91EF446D500FE05D5 /* LPKit.swift in Sources */ = {isa = PBXBuildFile; fileRef = E8736FF81EF446D500FE05D5 /* LPKit.swift */; };
		E8736FFB1EF446F400FE05D5 /* LPUtils.swift in Sources */ = {isa = PBXBuildFile; fileRef = E8736FFA1EF446F400FE05D5 /* LPUtils.swift */; };
		E8736FFD1EF4485200FE05D5 /* LPConfig.swift in Sources */ = {isa = PBXBuildFile; fileRef = E8736FFC1EF4485200FE05D5 /* LPConfig.swift */; };
		E87370001EF465FF00FE05D5 /* LPHUD.swift in Sources */ = {isa = PBXBuildFile; fileRef = E8736FFF1EF465FF00FE05D5 /* LPHUD.swift */; };
		E873701C1EF47D3A00FE05D5 /* UINavigationBar+Swizzling.m in Sources */ = {isa = PBXBuildFile; fileRef = E87370131EF47D3A00FE05D5 /* UINavigationBar+Swizzling.m */; };
		E873701D1EF47D3A00FE05D5 /* UINavigationController+Swizzling.m in Sources */ = {isa = PBXBuildFile; fileRef = E87370151EF47D3A00FE05D5 /* UINavigationController+Swizzling.m */; };
		E873701E1EF47D3A00FE05D5 /* UINavigationItem+Swizzling.m in Sources */ = {isa = PBXBuildFile; fileRef = E87370171EF47D3A00FE05D5 /* UINavigationItem+Swizzling.m */; };
		E873701F1EF47D3A00FE05D5 /* UIView+Swizzling.m in Sources */ = {isa = PBXBuildFile; fileRef = E87370191EF47D3A00FE05D5 /* UIView+Swizzling.m */; };
		E87370201EF47D3A00FE05D5 /* UIViewController+Swizzling.m in Sources */ = {isa = PBXBuildFile; fileRef = E873701B1EF47D3A00FE05D5 /* UIViewController+Swizzling.m */; };
		E87370231EF47D8100FE05D5 /* UIView+NTES.m in Sources */ = {isa = PBXBuildFile; fileRef = E87370221EF47D8100FE05D5 /* UIView+NTES.m */; };
		E87370261EF47E2800FE05D5 /* UIResponder+NTESFirstResponder.m in Sources */ = {isa = PBXBuildFile; fileRef = E87370251EF47E2800FE05D5 /* UIResponder+NTESFirstResponder.m */; };
		E89D4E261EF58AF1004C4207 /* LPIMSDKConfigDelegate.swift in Sources */ = {isa = PBXBuildFile; fileRef = E89D4E251EF58AF1004C4207 /* LPIMSDKConfigDelegate.swift */; };
		E89D4E281EF58B00004C4207 /* LPFileLocationHelper.swift in Sources */ = {isa = PBXBuildFile; fileRef = E89D4E271EF58B00004C4207 /* LPFileLocationHelper.swift */; };
		E89D4E2A1EF59145004C4207 /* String+Extension.swift in Sources */ = {isa = PBXBuildFile; fileRef = E89D4E291EF59145004C4207 /* String+Extension.swift */; };
		E89D4E351EF5A19F004C4207 /* LPFetchChatroomTask.swift in Sources */ = {isa = PBXBuildFile; fileRef = E89D4E321EF5A19F004C4207 /* LPFetchChatroomTask.swift */; };
		E89D4E361EF5A19F004C4207 /* LPRegisterTask.swift in Sources */ = {isa = PBXBuildFile; fileRef = E89D4E331EF5A19F004C4207 /* LPRegisterTask.swift */; };
		E89D4E371EF5A19F004C4207 /* LPHTTPSession.swift in Sources */ = {isa = PBXBuildFile; fileRef = E89D4E341EF5A19F004C4207 /* LPHTTPSession.swift */; };
		E89D4E3B1EF5A3BB004C4207 /* LPServiceManager.swift in Sources */ = {isa = PBXBuildFile; fileRef = E89D4E3A1EF5A3BB004C4207 /* LPServiceManager.swift */; };
		E89D4E3D1EF5A3EE004C4207 /* LPSessionUtil.swift in Sources */ = {isa = PBXBuildFile; fileRef = E89D4E3C1EF5A3EE004C4207 /* LPSessionUtil.swift */; };
		E89D4E411EF5BA94004C4207 /* NIMLoginClientType+Name.swift in Sources */ = {isa = PBXBuildFile; fileRef = E89D4E401EF5BA94004C4207 /* NIMLoginClientType+Name.swift */; };
		E8CA1CAD1EF5BDAE00A9B898 /* UIViewController+FormSheet.swift in Sources */ = {isa = PBXBuildFile; fileRef = E8CA1CAC1EF5BDAE00A9B898 /* UIViewController+FormSheet.swift */; };
		E8CA1CAF1EF5BDBB00A9B898 /* UIViewController+Alert.swift in Sources */ = {isa = PBXBuildFile; fileRef = E8CA1CAE1EF5BDBB00A9B898 /* UIViewController+Alert.swift */; };
/* End PBXBuildFile section */

/* Begin PBXFileReference section */
		0496BC4BB5FCC451A8F4F130 /* Pods_LPIM.framework */ = {isa = PBXFileReference; explicitFileType = wrapper.framework; includeInIndex = 0; path = Pods_LPIM.framework; sourceTree = BUILT_PRODUCTS_DIR; };
		6C929AEECFE2CD54A0A700EC /* Pods-LPIM.debug.xcconfig */ = {isa = PBXFileReference; includeInIndex = 1; lastKnownFileType = text.xcconfig; name = "Pods-LPIM.debug.xcconfig"; path = "../Pods/Target Support Files/Pods-LPIM/Pods-LPIM.debug.xcconfig"; sourceTree = "<group>"; };
		E8736F921EF419E900FE05D5 /* LPIM.app */ = {isa = PBXFileReference; explicitFileType = wrapper.application; includeInIndex = 0; path = LPIM.app; sourceTree = BUILT_PRODUCTS_DIR; };
		E8736F9C1EF419E900FE05D5 /* Assets.xcassets */ = {isa = PBXFileReference; lastKnownFileType = folder.assetcatalog; path = Assets.xcassets; sourceTree = "<group>"; };
		E8736F9F1EF419E900FE05D5 /* Base */ = {isa = PBXFileReference; lastKnownFileType = file.storyboard; name = Base; path = Base.lproj/LaunchScreen.storyboard; sourceTree = "<group>"; };
		E8736FA11EF419E900FE05D5 /* Info.plist */ = {isa = PBXFileReference; lastKnownFileType = text.plist.xml; path = Info.plist; sourceTree = "<group>"; };
		E8736FAF1EF4212200FE05D5 /* LPIM-Bridging-Header.h */ = {isa = PBXFileReference; lastKnownFileType = sourcecode.c.h; path = "LPIM-Bridging-Header.h"; sourceTree = "<group>"; };
		E8736FB21EF4213C00FE05D5 /* LPIMAppDelegate.swift */ = {isa = PBXFileReference; fileEncoding = 4; lastKnownFileType = sourcecode.swift; path = LPIMAppDelegate.swift; sourceTree = "<group>"; };
		E8736FB41EF424AF00FE05D5 /* LPIMAppDelegate+Push.swift */ = {isa = PBXFileReference; fileEncoding = 4; lastKnownFileType = sourcecode.swift; path = "LPIMAppDelegate+Push.swift"; sourceTree = "<group>"; };
		E8736FBC1EF4320500FE05D5 /* LPLoginManager.swift */ = {isa = PBXFileReference; fileEncoding = 4; lastKnownFileType = sourcecode.swift; path = LPLoginManager.swift; sourceTree = "<group>"; };
		E8736FBE1EF4324300FE05D5 /* LPLoginViewController.swift */ = {isa = PBXFileReference; fileEncoding = 4; lastKnownFileType = sourcecode.swift; path = LPLoginViewController.swift; sourceTree = "<group>"; };
		E8736FBF1EF4324300FE05D5 /* LPLoginViewController.xib */ = {isa = PBXFileReference; fileEncoding = 4; lastKnownFileType = file.xib; path = LPLoginViewController.xib; sourceTree = "<group>"; };
		E8736FC41EF4329D00FE05D5 /* LPRegisterViewController.swift */ = {isa = PBXFileReference; fileEncoding = 4; lastKnownFileType = sourcecode.swift; path = LPRegisterViewController.swift; sourceTree = "<group>"; };
		E8736FC51EF4329D00FE05D5 /* LPRegisterViewController.xib */ = {isa = PBXFileReference; fileEncoding = 4; lastKnownFileType = file.xib; path = LPRegisterViewController.xib; sourceTree = "<group>"; };
		E8736FC91EF432C200FE05D5 /* LPBaseViewController.swift */ = {isa = PBXFileReference; fileEncoding = 4; lastKnownFileType = sourcecode.swift; path = LPBaseViewController.swift; sourceTree = "<group>"; };
		E8736FCB1EF432D100FE05D5 /* LPBaseTableViewController.swift */ = {isa = PBXFileReference; fileEncoding = 4; lastKnownFileType = sourcecode.swift; path = LPBaseTableViewController.swift; sourceTree = "<group>"; };
		E8736FCD1EF432E000FE05D5 /* LPBaseCollectionViewController.swift */ = {isa = PBXFileReference; fileEncoding = 4; lastKnownFileType = sourcecode.swift; path = LPBaseCollectionViewController.swift; sourceTree = "<group>"; };
		E8736FCF1EF432FE00FE05D5 /* LPBaseNavigationController.swift */ = {isa = PBXFileReference; fileEncoding = 4; lastKnownFileType = sourcecode.swift; path = LPBaseNavigationController.swift; sourceTree = "<group>"; };
		E8736FD11EF4332D00FE05D5 /* LPBaseView.swift */ = {isa = PBXFileReference; fileEncoding = 4; lastKnownFileType = sourcecode.swift; path = LPBaseView.swift; sourceTree = "<group>"; };
		E8736FD41EF4349400FE05D5 /* LPMainTabBarController.swift */ = {isa = PBXFileReference; fileEncoding = 4; lastKnownFileType = sourcecode.swift; path = LPMainTabBarController.swift; sourceTree = "<group>"; };
		E8736FD71EF4399E00FE05D5 /* LPIBDesignableView.swift */ = {isa = PBXFileReference; fileEncoding = 4; lastKnownFileType = sourcecode.swift; path = LPIBDesignableView.swift; sourceTree = "<group>"; };
		E8736FDB1EF4448C00FE05D5 /* icon_meeting_connecting@2x.gif */ = {isa = PBXFileReference; lastKnownFileType = image.gif; path = "icon_meeting_connecting@2x.gif"; sourceTree = "<group>"; };
		E8736FDD1EF444B300FE05D5 /* NIMKitSettings.bundle */ = {isa = PBXFileReference; lastKnownFileType = "wrapper.plug-in"; path = NIMKitSettings.bundle; sourceTree = "<group>"; };
		E8736FDE1EF444B300FE05D5 /* NIMKitResource.bundle */ = {isa = PBXFileReference; lastKnownFileType = "wrapper.plug-in"; path = NIMKitResource.bundle; sourceTree = "<group>"; };
		E8736FDF1EF444B300FE05D5 /* NIMKitEmoticon.bundle */ = {isa = PBXFileReference; lastKnownFileType = "wrapper.plug-in"; path = NIMKitEmoticon.bundle; sourceTree = "<group>"; };
		E8736FE31EF444C700FE05D5 /* Settings.bundle */ = {isa = PBXFileReference; lastKnownFileType = "wrapper.plug-in"; path = Settings.bundle; sourceTree = "<group>"; };
		E8736FE51EF444C700FE05D5 /* message.wav */ = {isa = PBXFileReference; lastKnownFileType = audio.wav; path = message.wav; sourceTree = "<group>"; };
		E8736FE61EF444C700FE05D5 /* video_chat_push.mp3 */ = {isa = PBXFileReference; lastKnownFileType = audio.mp3; path = video_chat_push.mp3; sourceTree = "<group>"; };
		E8736FE71EF444C700FE05D5 /* video_chat_tip_HangUp.aac */ = {isa = PBXFileReference; lastKnownFileType = file; path = video_chat_tip_HangUp.aac; sourceTree = "<group>"; };
		E8736FE81EF444C700FE05D5 /* video_chat_tip_OnCall.aac */ = {isa = PBXFileReference; lastKnownFileType = file; path = video_chat_tip_OnCall.aac; sourceTree = "<group>"; };
		E8736FE91EF444C700FE05D5 /* video_chat_tip_onTimer.aac */ = {isa = PBXFileReference; lastKnownFileType = file; path = video_chat_tip_onTimer.aac; sourceTree = "<group>"; };
		E8736FEA1EF444C700FE05D5 /* video_chat_tip_receiver.aac */ = {isa = PBXFileReference; lastKnownFileType = file; path = video_chat_tip_receiver.aac; sourceTree = "<group>"; };
		E8736FEB1EF444C700FE05D5 /* video_chat_tip_sender.aac */ = {isa = PBXFileReference; lastKnownFileType = file; path = video_chat_tip_sender.aac; sourceTree = "<group>"; };
		E8736FEC1EF444C700FE05D5 /* video_connect_chat_tip_sender.aac */ = {isa = PBXFileReference; lastKnownFileType = file; path = video_connect_chat_tip_sender.aac; sourceTree = "<group>"; };
		E8736FF61EF444DD00FE05D5 /* Files */ = {isa = PBXFileReference; lastKnownFileType = folder; path = Files; sourceTree = "<group>"; };
		E8736FF81EF446D500FE05D5 /* LPKit.swift */ = {isa = PBXFileReference; fileEncoding = 4; lastKnownFileType = sourcecode.swift; path = LPKit.swift; sourceTree = "<group>"; };
		E8736FFA1EF446F400FE05D5 /* LPUtils.swift */ = {isa = PBXFileReference; fileEncoding = 4; lastKnownFileType = sourcecode.swift; path = LPUtils.swift; sourceTree = "<group>"; };
		E8736FFC1EF4485200FE05D5 /* LPConfig.swift */ = {isa = PBXFileReference; fileEncoding = 4; lastKnownFileType = sourcecode.swift; path = LPConfig.swift; sourceTree = "<group>"; };
		E8736FFE1EF45FD200FE05D5 /* zh-Hans */ = {isa = PBXFileReference; lastKnownFileType = text.plist.strings; name = "zh-Hans"; path = "zh-Hans.lproj/LaunchScreen.strings"; sourceTree = "<group>"; };
		E8736FFF1EF465FF00FE05D5 /* LPHUD.swift */ = {isa = PBXFileReference; fileEncoding = 4; lastKnownFileType = sourcecode.swift; path = LPHUD.swift; sourceTree = "<group>"; };
		E87370111EF47D3A00FE05D5 /* SwizzlingDefine.h */ = {isa = PBXFileReference; fileEncoding = 4; lastKnownFileType = sourcecode.c.h; path = SwizzlingDefine.h; sourceTree = "<group>"; };
		E87370121EF47D3A00FE05D5 /* UINavigationBar+Swizzling.h */ = {isa = PBXFileReference; fileEncoding = 4; lastKnownFileType = sourcecode.c.h; path = "UINavigationBar+Swizzling.h"; sourceTree = "<group>"; };
		E87370131EF47D3A00FE05D5 /* UINavigationBar+Swizzling.m */ = {isa = PBXFileReference; fileEncoding = 4; lastKnownFileType = sourcecode.c.objc; path = "UINavigationBar+Swizzling.m"; sourceTree = "<group>"; };
		E87370141EF47D3A00FE05D5 /* UINavigationController+Swizzling.h */ = {isa = PBXFileReference; fileEncoding = 4; lastKnownFileType = sourcecode.c.h; path = "UINavigationController+Swizzling.h"; sourceTree = "<group>"; };
		E87370151EF47D3A00FE05D5 /* UINavigationController+Swizzling.m */ = {isa = PBXFileReference; fileEncoding = 4; lastKnownFileType = sourcecode.c.objc; path = "UINavigationController+Swizzling.m"; sourceTree = "<group>"; };
		E87370161EF47D3A00FE05D5 /* UINavigationItem+Swizzling.h */ = {isa = PBXFileReference; fileEncoding = 4; lastKnownFileType = sourcecode.c.h; path = "UINavigationItem+Swizzling.h"; sourceTree = "<group>"; };
		E87370171EF47D3A00FE05D5 /* UINavigationItem+Swizzling.m */ = {isa = PBXFileReference; fileEncoding = 4; lastKnownFileType = sourcecode.c.objc; path = "UINavigationItem+Swizzling.m"; sourceTree = "<group>"; };
		E87370181EF47D3A00FE05D5 /* UIView+Swizzling.h */ = {isa = PBXFileReference; fileEncoding = 4; lastKnownFileType = sourcecode.c.h; path = "UIView+Swizzling.h"; sourceTree = "<group>"; };
		E87370191EF47D3A00FE05D5 /* UIView+Swizzling.m */ = {isa = PBXFileReference; fileEncoding = 4; lastKnownFileType = sourcecode.c.objc; path = "UIView+Swizzling.m"; sourceTree = "<group>"; };
		E873701A1EF47D3A00FE05D5 /* UIViewController+Swizzling.h */ = {isa = PBXFileReference; fileEncoding = 4; lastKnownFileType = sourcecode.c.h; path = "UIViewController+Swizzling.h"; sourceTree = "<group>"; };
		E873701B1EF47D3A00FE05D5 /* UIViewController+Swizzling.m */ = {isa = PBXFileReference; fileEncoding = 4; lastKnownFileType = sourcecode.c.objc; path = "UIViewController+Swizzling.m"; sourceTree = "<group>"; };
		E87370211EF47D8100FE05D5 /* UIView+NTES.h */ = {isa = PBXFileReference; fileEncoding = 4; lastKnownFileType = sourcecode.c.h; path = "UIView+NTES.h"; sourceTree = "<group>"; };
		E87370221EF47D8100FE05D5 /* UIView+NTES.m */ = {isa = PBXFileReference; fileEncoding = 4; lastKnownFileType = sourcecode.c.objc; path = "UIView+NTES.m"; sourceTree = "<group>"; };
		E87370241EF47E2800FE05D5 /* UIResponder+NTESFirstResponder.h */ = {isa = PBXFileReference; fileEncoding = 4; lastKnownFileType = sourcecode.c.h; path = "UIResponder+NTESFirstResponder.h"; sourceTree = "<group>"; };
		E87370251EF47E2800FE05D5 /* UIResponder+NTESFirstResponder.m */ = {isa = PBXFileReference; fileEncoding = 4; lastKnownFileType = sourcecode.c.objc; path = "UIResponder+NTESFirstResponder.m"; sourceTree = "<group>"; };
		E89D4E251EF58AF1004C4207 /* LPIMSDKConfigDelegate.swift */ = {isa = PBXFileReference; fileEncoding = 4; lastKnownFileType = sourcecode.swift; path = LPIMSDKConfigDelegate.swift; sourceTree = "<group>"; };
		E89D4E271EF58B00004C4207 /* LPFileLocationHelper.swift */ = {isa = PBXFileReference; fileEncoding = 4; lastKnownFileType = sourcecode.swift; path = LPFileLocationHelper.swift; sourceTree = "<group>"; };
		E89D4E291EF59145004C4207 /* String+Extension.swift */ = {isa = PBXFileReference; fileEncoding = 4; lastKnownFileType = sourcecode.swift; path = "String+Extension.swift"; sourceTree = "<group>"; };
		E89D4E321EF5A19F004C4207 /* LPFetchChatroomTask.swift */ = {isa = PBXFileReference; fileEncoding = 4; lastKnownFileType = sourcecode.swift; path = LPFetchChatroomTask.swift; sourceTree = "<group>"; };
		E89D4E331EF5A19F004C4207 /* LPRegisterTask.swift */ = {isa = PBXFileReference; fileEncoding = 4; lastKnownFileType = sourcecode.swift; path = LPRegisterTask.swift; sourceTree = "<group>"; };
		E89D4E341EF5A19F004C4207 /* LPHTTPSession.swift */ = {isa = PBXFileReference; fileEncoding = 4; lastKnownFileType = sourcecode.swift; path = LPHTTPSession.swift; sourceTree = "<group>"; };
		E89D4E3A1EF5A3BB004C4207 /* LPServiceManager.swift */ = {isa = PBXFileReference; fileEncoding = 4; lastKnownFileType = sourcecode.swift; path = LPServiceManager.swift; sourceTree = "<group>"; };
		E89D4E3C1EF5A3EE004C4207 /* LPSessionUtil.swift */ = {isa = PBXFileReference; fileEncoding = 4; lastKnownFileType = sourcecode.swift; path = LPSessionUtil.swift; sourceTree = "<group>"; };
		E89D4E401EF5BA94004C4207 /* NIMLoginClientType+Name.swift */ = {isa = PBXFileReference; fileEncoding = 4; lastKnownFileType = sourcecode.swift; path = "NIMLoginClientType+Name.swift"; sourceTree = "<group>"; };
		E8CA1CAA1EF5BBA400A9B898 /* LPIM.playground */ = {isa = PBXFileReference; lastKnownFileType = file.playground; path = LPIM.playground; sourceTree = "<group>"; };
		E8CA1CAC1EF5BDAE00A9B898 /* UIViewController+FormSheet.swift */ = {isa = PBXFileReference; fileEncoding = 4; lastKnownFileType = sourcecode.swift; path = "UIViewController+FormSheet.swift"; sourceTree = "<group>"; };
		E8CA1CAE1EF5BDBB00A9B898 /* UIViewController+Alert.swift */ = {isa = PBXFileReference; fileEncoding = 4; lastKnownFileType = sourcecode.swift; path = "UIViewController+Alert.swift"; sourceTree = "<group>"; };
		FD41DC50491E685DD8BEF3F9 /* Pods-LPIM.release.xcconfig */ = {isa = PBXFileReference; includeInIndex = 1; lastKnownFileType = text.xcconfig; name = "Pods-LPIM.release.xcconfig"; path = "../Pods/Target Support Files/Pods-LPIM/Pods-LPIM.release.xcconfig"; sourceTree = "<group>"; };
/* End PBXFileReference section */

/* Begin PBXFrameworksBuildPhase section */
		E8736F8F1EF419E900FE05D5 /* Frameworks */ = {
			isa = PBXFrameworksBuildPhase;
			buildActionMask = 2147483647;
			files = (
				98F629835F46F8063401FB94 /* Pods_LPIM.framework in Frameworks */,
			);
			runOnlyForDeploymentPostprocessing = 0;
		};
/* End PBXFrameworksBuildPhase section */

/* Begin PBXGroup section */
		A4976114EFCE0D4A1F62A8E9 /* Frameworks */ = {
			isa = PBXGroup;
			children = (
				0496BC4BB5FCC451A8F4F130 /* Pods_LPIM.framework */,
			);
			name = Frameworks;
			sourceTree = "<group>";
		};
		E50F03DCCA433CC7B0B90E41 /* Pods */ = {
			isa = PBXGroup;
			children = (
				6C929AEECFE2CD54A0A700EC /* Pods-LPIM.debug.xcconfig */,
				FD41DC50491E685DD8BEF3F9 /* Pods-LPIM.release.xcconfig */,
			);
			name = Pods;
			sourceTree = "<group>";
		};
		E8736F891EF419E900FE05D5 = {
			isa = PBXGroup;
			children = (
				E8736FAE1EF420C900FE05D5 /* Vendors */,
				E8736FAC1EF4208E00FE05D5 /* Utils */,
				E8736FAB1EF4208E00FE05D5 /* Common */,
				E8736FAA1EF4208E00FE05D5 /* Classes */,
				E8736F941EF419E900FE05D5 /* LPIM */,
				E8736F931EF419E900FE05D5 /* Products */,
				E50F03DCCA433CC7B0B90E41 /* Pods */,
				A4976114EFCE0D4A1F62A8E9 /* Frameworks */,
			);
			sourceTree = "<group>";
		};
		E8736F931EF419E900FE05D5 /* Products */ = {
			isa = PBXGroup;
			children = (
				E8736F921EF419E900FE05D5 /* LPIM.app */,
			);
			name = Products;
			sourceTree = "<group>";
		};
		E8736F941EF419E900FE05D5 /* LPIM */ = {
			isa = PBXGroup;
			children = (
				E8736F9C1EF419E900FE05D5 /* Assets.xcassets */,
				E8736F9E1EF419E900FE05D5 /* LaunchScreen.storyboard */,
				E8736FA11EF419E900FE05D5 /* Info.plist */,
				E8736FDB1EF4448C00FE05D5 /* icon_meeting_connecting@2x.gif */,
				E8CA1CAA1EF5BBA400A9B898 /* LPIM.playground */,
				E8736FDD1EF444B300FE05D5 /* NIMKitSettings.bundle */,
				E8736FDE1EF444B300FE05D5 /* NIMKitResource.bundle */,
				E8736FDF1EF444B300FE05D5 /* NIMKitEmoticon.bundle */,
				E8736FE31EF444C700FE05D5 /* Settings.bundle */,
				E8736FE41EF444C700FE05D5 /* Sounds */,
				E8736FF61EF444DD00FE05D5 /* Files */,
			);
			path = LPIM;
			sourceTree = "<group>";
		};
		E8736FAA1EF4208E00FE05D5 /* Classes */ = {
			isa = PBXGroup;
			children = (
				E8736FAF1EF4212200FE05D5 /* LPIM-Bridging-Header.h */,
				E8736FB21EF4213C00FE05D5 /* LPIMAppDelegate.swift */,
				E8736FB41EF424AF00FE05D5 /* LPIMAppDelegate+Push.swift */,
				E8736FBB1EF431D200FE05D5 /* Login */,
				E8736FD31EF4343700FE05D5 /* Main */,
			);
			path = Classes;
			sourceTree = "<group>";
		};
		E8736FAB1EF4208E00FE05D5 /* Common */ = {
			isa = PBXGroup;
			children = (
				E89D4E271EF58B00004C4207 /* LPFileLocationHelper.swift */,
				E89D4E251EF58AF1004C4207 /* LPIMSDKConfigDelegate.swift */,
				E89D4E3A1EF5A3BB004C4207 /* LPServiceManager.swift */,
				E89D4E3C1EF5A3EE004C4207 /* LPSessionUtil.swift */,
				E8736FC81EF432B500FE05D5 /* Base */,
				E89D4E391EF5A35C004C4207 /* Control */,
				E89D4E381EF5A2E9004C4207 /* Extension */,
				E89D4E311EF5A18A004C4207 /* HTTPSession */,
			);
			path = Common;
			sourceTree = "<group>";
		};
		E8736FAC1EF4208E00FE05D5 /* Utils */ = {
			isa = PBXGroup;
			children = (
				E8736FF81EF446D500FE05D5 /* LPKit.swift */,
				E8736FFA1EF446F400FE05D5 /* LPUtils.swift */,
				E8736FFC1EF4485200FE05D5 /* LPConfig.swift */,
			);
			path = Utils;
			sourceTree = "<group>";
		};
		E8736FAE1EF420C900FE05D5 /* Vendors */ = {
			isa = PBXGroup;
			children = (
				E87370241EF47E2800FE05D5 /* UIResponder+NTESFirstResponder.h */,
				E87370251EF47E2800FE05D5 /* UIResponder+NTESFirstResponder.m */,
				E87370211EF47D8100FE05D5 /* UIView+NTES.h */,
				E87370221EF47D8100FE05D5 /* UIView+NTES.m */,
				E87370101EF47D3A00FE05D5 /* Addons */,
			);
			path = Vendors;
			sourceTree = "<group>";
		};
		E8736FBB1EF431D200FE05D5 /* Login */ = {
			isa = PBXGroup;
			children = (
				E8736FC21EF4325400FE05D5 /* Manager */,
				E8736FC31EF4325900FE05D5 /* VC */,
			);
			path = Login;
			sourceTree = "<group>";
		};
		E8736FC21EF4325400FE05D5 /* Manager */ = {
			isa = PBXGroup;
			children = (
				E8736FBC1EF4320500FE05D5 /* LPLoginManager.swift */,
			);
			name = Manager;
			sourceTree = "<group>";
		};
		E8736FC31EF4325900FE05D5 /* VC */ = {
			isa = PBXGroup;
			children = (
				E8736FBE1EF4324300FE05D5 /* LPLoginViewController.swift */,
				E8736FBF1EF4324300FE05D5 /* LPLoginViewController.xib */,
				E8736FC41EF4329D00FE05D5 /* LPRegisterViewController.swift */,
				E8736FC51EF4329D00FE05D5 /* LPRegisterViewController.xib */,
			);
			name = VC;
			sourceTree = "<group>";
		};
		E8736FC81EF432B500FE05D5 /* Base */ = {
			isa = PBXGroup;
			children = (
				E8736FC91EF432C200FE05D5 /* LPBaseViewController.swift */,
				E8736FCB1EF432D100FE05D5 /* LPBaseTableViewController.swift */,
				E8736FCD1EF432E000FE05D5 /* LPBaseCollectionViewController.swift */,
				E8736FCF1EF432FE00FE05D5 /* LPBaseNavigationController.swift */,
				E8736FD11EF4332D00FE05D5 /* LPBaseView.swift */,
			);
			path = Base;
			sourceTree = "<group>";
		};
		E8736FD31EF4343700FE05D5 /* Main */ = {
			isa = PBXGroup;
			children = (
				E8736FD41EF4349400FE05D5 /* LPMainTabBarController.swift */,
			);
			path = Main;
			sourceTree = "<group>";
		};
		E8736FE41EF444C700FE05D5 /* Sounds */ = {
			isa = PBXGroup;
			children = (
				E8736FE51EF444C700FE05D5 /* message.wav */,
				E8736FE61EF444C700FE05D5 /* video_chat_push.mp3 */,
				E8736FE71EF444C700FE05D5 /* video_chat_tip_HangUp.aac */,
				E8736FE81EF444C700FE05D5 /* video_chat_tip_OnCall.aac */,
				E8736FE91EF444C700FE05D5 /* video_chat_tip_onTimer.aac */,
				E8736FEA1EF444C700FE05D5 /* video_chat_tip_receiver.aac */,
				E8736FEB1EF444C700FE05D5 /* video_chat_tip_sender.aac */,
				E8736FEC1EF444C700FE05D5 /* video_connect_chat_tip_sender.aac */,
			);
			path = Sounds;
			sourceTree = "<group>";
		};
		E87370101EF47D3A00FE05D5 /* Addons */ = {
			isa = PBXGroup;
			children = (
				E87370111EF47D3A00FE05D5 /* SwizzlingDefine.h */,
				E87370121EF47D3A00FE05D5 /* UINavigationBar+Swizzling.h */,
				E87370131EF47D3A00FE05D5 /* UINavigationBar+Swizzling.m */,
				E87370141EF47D3A00FE05D5 /* UINavigationController+Swizzling.h */,
				E87370151EF47D3A00FE05D5 /* UINavigationController+Swizzling.m */,
				E87370161EF47D3A00FE05D5 /* UINavigationItem+Swizzling.h */,
				E87370171EF47D3A00FE05D5 /* UINavigationItem+Swizzling.m */,
				E87370181EF47D3A00FE05D5 /* UIView+Swizzling.h */,
				E87370191EF47D3A00FE05D5 /* UIView+Swizzling.m */,
				E873701A1EF47D3A00FE05D5 /* UIViewController+Swizzling.h */,
				E873701B1EF47D3A00FE05D5 /* UIViewController+Swizzling.m */,
			);
			path = Addons;
			sourceTree = "<group>";
		};
		E89D4E311EF5A18A004C4207 /* HTTPSession */ = {
			isa = PBXGroup;
			children = (
				E89D4E321EF5A19F004C4207 /* LPFetchChatroomTask.swift */,
				E89D4E331EF5A19F004C4207 /* LPRegisterTask.swift */,
				E89D4E341EF5A19F004C4207 /* LPHTTPSession.swift */,
			);
			path = HTTPSession;
			sourceTree = "<group>";
		};
		E89D4E381EF5A2E9004C4207 /* Extension */ = {
			isa = PBXGroup;
			children = (
				E8CA1CAC1EF5BDAE00A9B898 /* UIViewController+FormSheet.swift */,
				E8CA1CAE1EF5BDBB00A9B898 /* UIViewController+Alert.swift */,
				E89D4E291EF59145004C4207 /* String+Extension.swift */,
				E89D4E401EF5BA94004C4207 /* NIMLoginClientType+Name.swift */,
			);
			name = Extension;
			sourceTree = "<group>";
		};
		E89D4E391EF5A35C004C4207 /* Control */ = {
			isa = PBXGroup;
			children = (
				E8736FD71EF4399E00FE05D5 /* LPIBDesignableView.swift */,
				E8736FFF1EF465FF00FE05D5 /* LPHUD.swift */,
			);
			name = Control;
			sourceTree = "<group>";
		};
/* End PBXGroup section */

/* Begin PBXNativeTarget section */
		E8736F911EF419E900FE05D5 /* LPIM */ = {
			isa = PBXNativeTarget;
			buildConfigurationList = E8736FA41EF419E900FE05D5 /* Build configuration list for PBXNativeTarget "LPIM" */;
			buildPhases = (
				2D936C95B6830EE2A700AD67 /* [CP] Check Pods Manifest.lock */,
				E8736F8E1EF419E900FE05D5 /* Sources */,
				E8736F8F1EF419E900FE05D5 /* Frameworks */,
				E8736F901EF419E900FE05D5 /* Resources */,
				7C44974B56A115D41E33AA14 /* [CP] Embed Pods Frameworks */,
				6658C06ACEFDA0B7970D4CCD /* [CP] Copy Pods Resources */,
				E8736FBA1EF42C6500FE05D5 /* ShellScript */,
			);
			buildRules = (
			);
			dependencies = (
			);
			name = LPIM;
			productName = LPIM;
			productReference = E8736F921EF419E900FE05D5 /* LPIM.app */;
			productType = "com.apple.product-type.application";
		};
/* End PBXNativeTarget section */

/* Begin PBXProject section */
		E8736F8A1EF419E900FE05D5 /* Project object */ = {
			isa = PBXProject;
			attributes = {
				CLASSPREFIX = LP;
				LastSwiftUpdateCheck = 0830;
				LastUpgradeCheck = 0830;
				ORGANIZATIONNAME = lipeng;
				TargetAttributes = {
					E8736F911EF419E900FE05D5 = {
						CreatedOnToolsVersion = 8.3.3;
						LastSwiftMigration = 0830;
						ProvisioningStyle = Automatic;
						SystemCapabilities = {
							com.apple.BackgroundModes = {
								enabled = 1;
							};
						};
					};
				};
			};
			buildConfigurationList = E8736F8D1EF419E900FE05D5 /* Build configuration list for PBXProject "LPIM" */;
			compatibilityVersion = "Xcode 3.2";
			developmentRegion = English;
			hasScannedForEncodings = 0;
			knownRegions = (
				Base,
			);
			mainGroup = E8736F891EF419E900FE05D5;
			productRefGroup = E8736F931EF419E900FE05D5 /* Products */;
			projectDirPath = "";
			projectRoot = "";
			targets = (
				E8736F911EF419E900FE05D5 /* LPIM */,
			);
		};
/* End PBXProject section */

/* Begin PBXResourcesBuildPhase section */
		E8736F901EF419E900FE05D5 /* Resources */ = {
			isa = PBXResourcesBuildPhase;
			buildActionMask = 2147483647;
			files = (
				E8736FF71EF444DD00FE05D5 /* Files in Resources */,
				E8736FF21EF444C700FE05D5 /* video_chat_tip_onTimer.aac in Resources */,
				E8736FE01EF444B300FE05D5 /* NIMKitSettings.bundle in Resources */,
				E8736FEF1EF444C700FE05D5 /* video_chat_push.mp3 in Resources */,
				E8736FC11EF4324300FE05D5 /* LPLoginViewController.xib in Resources */,
				E8736FEE1EF444C700FE05D5 /* message.wav in Resources */,
				E8736FC71EF4329D00FE05D5 /* LPRegisterViewController.xib in Resources */,
				E8736FE11EF444B300FE05D5 /* NIMKitResource.bundle in Resources */,
				E8736FDC1EF4448C00FE05D5 /* icon_meeting_connecting@2x.gif in Resources */,
				E8736FA01EF419E900FE05D5 /* LaunchScreen.storyboard in Resources */,
				E8736FF01EF444C700FE05D5 /* video_chat_tip_HangUp.aac in Resources */,
				E8736FF11EF444C700FE05D5 /* video_chat_tip_OnCall.aac in Resources */,
				E8736F9D1EF419E900FE05D5 /* Assets.xcassets in Resources */,
				E8736FED1EF444C700FE05D5 /* Settings.bundle in Resources */,
				E8736FF51EF444C700FE05D5 /* video_connect_chat_tip_sender.aac in Resources */,
				E8736FE21EF444B300FE05D5 /* NIMKitEmoticon.bundle in Resources */,
				E8736FF41EF444C700FE05D5 /* video_chat_tip_sender.aac in Resources */,
				E8736FF31EF444C700FE05D5 /* video_chat_tip_receiver.aac in Resources */,
			);
			runOnlyForDeploymentPostprocessing = 0;
		};
/* End PBXResourcesBuildPhase section */

/* Begin PBXShellScriptBuildPhase section */
		2D936C95B6830EE2A700AD67 /* [CP] Check Pods Manifest.lock */ = {
			isa = PBXShellScriptBuildPhase;
			buildActionMask = 2147483647;
			files = (
			);
			inputPaths = (
			);
			name = "[CP] Check Pods Manifest.lock";
			outputPaths = (
			);
			runOnlyForDeploymentPostprocessing = 0;
			shellPath = /bin/sh;
			shellScript = "diff \"${PODS_PODFILE_DIR_PATH}/Podfile.lock\" \"${PODS_ROOT}/Manifest.lock\" > /dev/null\nif [ $? != 0 ] ; then\n    # print error to STDERR\n    echo \"error: The sandbox is not in sync with the Podfile.lock. Run 'pod install' or update your CocoaPods installation.\" >&2\n    exit 1\nfi\n";
			showEnvVarsInLog = 0;
		};
		6658C06ACEFDA0B7970D4CCD /* [CP] Copy Pods Resources */ = {
			isa = PBXShellScriptBuildPhase;
			buildActionMask = 2147483647;
			files = (
			);
			inputPaths = (
			);
			name = "[CP] Copy Pods Resources";
			outputPaths = (
			);
			runOnlyForDeploymentPostprocessing = 0;
			shellPath = /bin/sh;
			shellScript = "\"${SRCROOT}/../Pods/Target Support Files/Pods-LPIM/Pods-LPIM-resources.sh\"\n";
			showEnvVarsInLog = 0;
		};
		7C44974B56A115D41E33AA14 /* [CP] Embed Pods Frameworks */ = {
			isa = PBXShellScriptBuildPhase;
			buildActionMask = 2147483647;
			files = (
			);
			inputPaths = (
			);
			name = "[CP] Embed Pods Frameworks";
			outputPaths = (
			);
			runOnlyForDeploymentPostprocessing = 0;
			shellPath = /bin/sh;
			shellScript = "\"${SRCROOT}/../Pods/Target Support Files/Pods-LPIM/Pods-LPIM-frameworks.sh\"\n";
			showEnvVarsInLog = 0;
		};
		E8736FBA1EF42C6500FE05D5 /* ShellScript */ = {
			isa = PBXShellScriptBuildPhase;
			buildActionMask = 2147483647;
			files = (
			);
			inputPaths = (
			);
			outputPaths = (
			);
			runOnlyForDeploymentPostprocessing = 0;
			shellPath = /bin/sh;
			shellScript = "TAGS=\"TODO:|FIXME:|LEOLI:\"\necho \"searching ${SRCROOT} for ${TAGS}\"\nfind \"${SRCROOT}\" \\( -name \"*.swift\" \\) -print0 | xargs -0 egrep --with-filename --line-number --only-matching \"($TAGS).*\\$\" | perl -p -e \"s/($TAGS)/ warning: \\$1/\"";
		};
/* End PBXShellScriptBuildPhase section */

/* Begin PBXSourcesBuildPhase section */
		E8736F8E1EF419E900FE05D5 /* Sources */ = {
			isa = PBXSourcesBuildPhase;
			buildActionMask = 2147483647;
			files = (
				E8736FB51EF424AF00FE05D5 /* LPIMAppDelegate+Push.swift in Sources */,
				E8736FC61EF4329D00FE05D5 /* LPRegisterViewController.swift in Sources */,
				E8736FCA1EF432C200FE05D5 /* LPBaseViewController.swift in Sources */,
				E8CA1CAF1EF5BDBB00A9B898 /* UIViewController+Alert.swift in Sources */,
				E8736FD51EF4349400FE05D5 /* LPMainTabBarController.swift in Sources */,
				E873701C1EF47D3A00FE05D5 /* UINavigationBar+Swizzling.m in Sources */,
				E89D4E3B1EF5A3BB004C4207 /* LPServiceManager.swift in Sources */,
				E8736FFB1EF446F400FE05D5 /* LPUtils.swift in Sources */,
				E8736FC01EF4324300FE05D5 /* LPLoginViewController.swift in Sources */,
				E873701E1EF47D3A00FE05D5 /* UINavigationItem+Swizzling.m in Sources */,
				E89D4E411EF5BA94004C4207 /* NIMLoginClientType+Name.swift in Sources */,
				E8736FD21EF4332D00FE05D5 /* LPBaseView.swift in Sources */,
				E873701D1EF47D3A00FE05D5 /* UINavigationController+Swizzling.m in Sources */,
				E8736FD81EF4399E00FE05D5 /* LPIBDesignableView.swift in Sources */,
				E8736FF91EF446D500FE05D5 /* LPKit.swift in Sources */,
				E8736FBD1EF4320500FE05D5 /* LPLoginManager.swift in Sources */,
				E89D4E371EF5A19F004C4207 /* LPHTTPSession.swift in Sources */,
				E8736FFD1EF4485200FE05D5 /* LPConfig.swift in Sources */,
				E89D4E281EF58B00004C4207 /* LPFileLocationHelper.swift in Sources */,
				E89D4E261EF58AF1004C4207 /* LPIMSDKConfigDelegate.swift in Sources */,
				E8736FCE1EF432E000FE05D5 /* LPBaseCollectionViewController.swift in Sources */,
				E8736FD01EF432FE00FE05D5 /* LPBaseNavigationController.swift in Sources */,
				E8736FCC1EF432D100FE05D5 /* LPBaseTableViewController.swift in Sources */,
				E89D4E3D1EF5A3EE004C4207 /* LPSessionUtil.swift in Sources */,
				E8CA1CAD1EF5BDAE00A9B898 /* UIViewController+FormSheet.swift in Sources */,
				E87370201EF47D3A00FE05D5 /* UIViewController+Swizzling.m in Sources */,
				E8736FB31EF4213C00FE05D5 /* LPIMAppDelegate.swift in Sources */,
				E87370261EF47E2800FE05D5 /* UIResponder+NTESFirstResponder.m in Sources */,
				E87370001EF465FF00FE05D5 /* LPHUD.swift in Sources */,
				E89D4E361EF5A19F004C4207 /* LPRegisterTask.swift in Sources */,
				E87370231EF47D8100FE05D5 /* UIView+NTES.m in Sources */,
				E89D4E2A1EF59145004C4207 /* String+Extension.swift in Sources */,
				E89D4E351EF5A19F004C4207 /* LPFetchChatroomTask.swift in Sources */,
				E873701F1EF47D3A00FE05D5 /* UIView+Swizzling.m in Sources */,
			);
			runOnlyForDeploymentPostprocessing = 0;
		};
/* End PBXSourcesBuildPhase section */

/* Begin PBXVariantGroup section */
		E8736F9E1EF419E900FE05D5 /* LaunchScreen.storyboard */ = {
			isa = PBXVariantGroup;
			children = (
				E8736F9F1EF419E900FE05D5 /* Base */,
				E8736FFE1EF45FD200FE05D5 /* zh-Hans */,
			);
			name = LaunchScreen.storyboard;
			sourceTree = "<group>";
		};
/* End PBXVariantGroup section */

/* Begin XCBuildConfiguration section */
		E8736FA21EF419E900FE05D5 /* Debug */ = {
			isa = XCBuildConfiguration;
			buildSettings = {
				ALWAYS_SEARCH_USER_PATHS = NO;
				CLANG_ANALYZER_NONNULL = YES;
				CLANG_ANALYZER_NUMBER_OBJECT_CONVERSION = YES_AGGRESSIVE;
				CLANG_CXX_LANGUAGE_STANDARD = "gnu++0x";
				CLANG_CXX_LIBRARY = "libc++";
				CLANG_ENABLE_MODULES = YES;
				CLANG_ENABLE_OBJC_ARC = YES;
				CLANG_WARN_BOOL_CONVERSION = YES;
				CLANG_WARN_CONSTANT_CONVERSION = YES;
				CLANG_WARN_DIRECT_OBJC_ISA_USAGE = YES_ERROR;
				CLANG_WARN_DOCUMENTATION_COMMENTS = YES;
				CLANG_WARN_EMPTY_BODY = YES;
				CLANG_WARN_ENUM_CONVERSION = YES;
				CLANG_WARN_INFINITE_RECURSION = YES;
				CLANG_WARN_INT_CONVERSION = YES;
				CLANG_WARN_OBJC_ROOT_CLASS = YES_ERROR;
				CLANG_WARN_SUSPICIOUS_MOVE = YES;
				CLANG_WARN_UNREACHABLE_CODE = YES;
				CLANG_WARN__DUPLICATE_METHOD_MATCH = YES;
				"CODE_SIGN_IDENTITY[sdk=iphoneos*]" = "iPhone Developer";
				COPY_PHASE_STRIP = NO;
				DEBUG_INFORMATION_FORMAT = dwarf;
				ENABLE_STRICT_OBJC_MSGSEND = YES;
				ENABLE_TESTABILITY = YES;
				GCC_C_LANGUAGE_STANDARD = gnu99;
				GCC_DYNAMIC_NO_PIC = NO;
				GCC_NO_COMMON_BLOCKS = YES;
				GCC_OPTIMIZATION_LEVEL = 0;
				GCC_PREPROCESSOR_DEFINITIONS = (
					"DEBUG=1",
					"$(inherited)",
				);
				GCC_WARN_64_TO_32_BIT_CONVERSION = YES;
				GCC_WARN_ABOUT_RETURN_TYPE = YES_ERROR;
				GCC_WARN_UNDECLARED_SELECTOR = YES;
				GCC_WARN_UNINITIALIZED_AUTOS = YES_AGGRESSIVE;
				GCC_WARN_UNUSED_FUNCTION = YES;
				GCC_WARN_UNUSED_VARIABLE = YES;
				IPHONEOS_DEPLOYMENT_TARGET = 10.3;
				MTL_ENABLE_DEBUG_INFO = YES;
				ONLY_ACTIVE_ARCH = YES;
				SDKROOT = iphoneos;
				SWIFT_ACTIVE_COMPILATION_CONDITIONS = DEBUG;
				SWIFT_OPTIMIZATION_LEVEL = "-Onone";
			};
			name = Debug;
		};
		E8736FA31EF419E900FE05D5 /* Release */ = {
			isa = XCBuildConfiguration;
			buildSettings = {
				ALWAYS_SEARCH_USER_PATHS = NO;
				CLANG_ANALYZER_NONNULL = YES;
				CLANG_ANALYZER_NUMBER_OBJECT_CONVERSION = YES_AGGRESSIVE;
				CLANG_CXX_LANGUAGE_STANDARD = "gnu++0x";
				CLANG_CXX_LIBRARY = "libc++";
				CLANG_ENABLE_MODULES = YES;
				CLANG_ENABLE_OBJC_ARC = YES;
				CLANG_WARN_BOOL_CONVERSION = YES;
				CLANG_WARN_CONSTANT_CONVERSION = YES;
				CLANG_WARN_DIRECT_OBJC_ISA_USAGE = YES_ERROR;
				CLANG_WARN_DOCUMENTATION_COMMENTS = YES;
				CLANG_WARN_EMPTY_BODY = YES;
				CLANG_WARN_ENUM_CONVERSION = YES;
				CLANG_WARN_INFINITE_RECURSION = YES;
				CLANG_WARN_INT_CONVERSION = YES;
				CLANG_WARN_OBJC_ROOT_CLASS = YES_ERROR;
				CLANG_WARN_SUSPICIOUS_MOVE = YES;
				CLANG_WARN_UNREACHABLE_CODE = YES;
				CLANG_WARN__DUPLICATE_METHOD_MATCH = YES;
				"CODE_SIGN_IDENTITY[sdk=iphoneos*]" = "iPhone Developer";
				COPY_PHASE_STRIP = NO;
				DEBUG_INFORMATION_FORMAT = "dwarf-with-dsym";
				ENABLE_NS_ASSERTIONS = NO;
				ENABLE_STRICT_OBJC_MSGSEND = YES;
				GCC_C_LANGUAGE_STANDARD = gnu99;
				GCC_NO_COMMON_BLOCKS = YES;
				GCC_WARN_64_TO_32_BIT_CONVERSION = YES;
				GCC_WARN_ABOUT_RETURN_TYPE = YES_ERROR;
				GCC_WARN_UNDECLARED_SELECTOR = YES;
				GCC_WARN_UNINITIALIZED_AUTOS = YES_AGGRESSIVE;
				GCC_WARN_UNUSED_FUNCTION = YES;
				GCC_WARN_UNUSED_VARIABLE = YES;
				IPHONEOS_DEPLOYMENT_TARGET = 10.3;
				MTL_ENABLE_DEBUG_INFO = NO;
				SDKROOT = iphoneos;
				SWIFT_OPTIMIZATION_LEVEL = "-Owholemodule";
				VALIDATE_PRODUCT = YES;
			};
			name = Release;
		};
		E8736FA51EF419E900FE05D5 /* Debug */ = {
			isa = XCBuildConfiguration;
			baseConfigurationReference = 6C929AEECFE2CD54A0A700EC /* Pods-LPIM.debug.xcconfig */;
			buildSettings = {
				ASSETCATALOG_COMPILER_APPICON_NAME = AppIcon;
				CLANG_ENABLE_MODULES = YES;
				INFOPLIST_FILE = LPIM/Info.plist;
				IPHONEOS_DEPLOYMENT_TARGET = 8.0;
				LD_RUNPATH_SEARCH_PATHS = "$(inherited) @executable_path/Frameworks";
				PRODUCT_BUNDLE_IDENTIFIER = com.lp.LPIM;
				PRODUCT_NAME = "$(TARGET_NAME)";
				SWIFT_OBJC_BRIDGING_HEADER = "Classes/LPIM-Bridging-Header.h";
				SWIFT_OPTIMIZATION_LEVEL = "-Onone";
				SWIFT_VERSION = 3.0;
			};
			name = Debug;
		};
		E8736FA61EF419E900FE05D5 /* Release */ = {
			isa = XCBuildConfiguration;
			baseConfigurationReference = FD41DC50491E685DD8BEF3F9 /* Pods-LPIM.release.xcconfig */;
			buildSettings = {
				ASSETCATALOG_COMPILER_APPICON_NAME = AppIcon;
				CLANG_ENABLE_MODULES = YES;
				INFOPLIST_FILE = LPIM/Info.plist;
				IPHONEOS_DEPLOYMENT_TARGET = 8.0;
				LD_RUNPATH_SEARCH_PATHS = "$(inherited) @executable_path/Frameworks";
				PRODUCT_BUNDLE_IDENTIFIER = com.lp.LPIM;
				PRODUCT_NAME = "$(TARGET_NAME)";
				SWIFT_OBJC_BRIDGING_HEADER = "Classes/LPIM-Bridging-Header.h";
				SWIFT_VERSION = 3.0;
			};
			name = Release;
		};
/* End XCBuildConfiguration section */

/* Begin XCConfigurationList section */
		E8736F8D1EF419E900FE05D5 /* Build configuration list for PBXProject "LPIM" */ = {
			isa = XCConfigurationList;
			buildConfigurations = (
				E8736FA21EF419E900FE05D5 /* Debug */,
				E8736FA31EF419E900FE05D5 /* Release */,
			);
			defaultConfigurationIsVisible = 0;
			defaultConfigurationName = Release;
		};
		E8736FA41EF419E900FE05D5 /* Build configuration list for PBXNativeTarget "LPIM" */ = {
			isa = XCConfigurationList;
			buildConfigurations = (
				E8736FA51EF419E900FE05D5 /* Debug */,
				E8736FA61EF419E900FE05D5 /* Release */,
			);
			defaultConfigurationIsVisible = 0;
			defaultConfigurationName = Release;
		};
/* End XCConfigurationList section */
	};
	rootObject = E8736F8A1EF419E900FE05D5 /* Project object */;
}
